
Microsoft Visual Studio Solution File, Format Version 12.00
# Visual Studio Version 17
VisualStudioVersion = 17.0.31903.59
MinimumVisualStudioVersion = 10.0.40219.1
Project("{FAE04EC0-301F-11D3-BF4B-00C04F79EFBC}") = "HelloWorldLoggerService", "src/HelloWorldLoggerService/HelloWorldLoggerService.csproj", "{8B70D418-FC7B-4D3B-BD06-3058967F6A79}"
EndProject
Project("{FAE04EC0-301F-11D3-BF4B-00C04F79EFBC}") = "HelloWorldLoggerService.Tests", "tests/HelloWorldLoggerService.Tests/HelloWorldLoggerService.Tests.csproj", "{FAF7D640-52DC-4D55-8A5E-C41519125190}"
EndProject
Global
	GlobalSection(SolutionConfigurationPlatforms) = preSolution
		Debug|Any CPU = Debug|Any CPU
		Release|Any CPU = Release|Any CPU
	EndGlobalSection
	GlobalSection(ProjectConfigurationPlatforms) = postSolution
		{8B70D418-FC7B-4D3B-BD06-3058967F6A79}.Debug|Any CPU.ActiveCfg = Debug|Any CPU
		{8B70D418-FC7B-4D3B-BD06-3058967F6A79}.Debug|Any CPU.Build.0 = Debug|Any CPU
		{8B70D418-FC7B-4D3B-BD06-3058967F6A79}.Release|Any CPU.ActiveCfg = Release|Any CPU
		{8B70D418-FC7B-4D3B-BD06-3058967F6A79}.Release|Any CPU.Build.0 = Release|Any CPU
		{FAF7D640-52DC-4D55-8A5E-C41519125190}.Debug|Any CPU.ActiveCfg = Debug|Any CPU
		{FAF7D640-52DC-4D55-8A5E-C41519125190}.Debug|Any CPU.Build.0 = Debug|Any CPU
		{FAF7D640-52DC-4D55-8A5E-C41519125190}.Release|Any CPU.ActiveCfg = Release|Any CPU
		{FAF7D640-52DC-4D55-8A5E-C41519125190}.Release|Any CPU.Build.0 = Release|Any CPU
	EndGlobalSection
EndGlobal
