
Microsoft Visual Studio Solution File, Format Version 12.00
# Visual Studio Version 17
VisualStudioVersion = 17.0.31903.59
MinimumVisualStudioVersion = 10.0.40219.1
Project("{FAE04EC0-301F-11D3-BF4B-00C04F79EFBC}") = "PrototypePatterns", "src/PrototypePatterns/PrototypePatterns.csproj", "{5A02DF3D-C9FB-4E48-B5E4-94B239E9A00A}"
EndProject
Project("{FAE04EC0-301F-11D3-BF4B-00C04F79EFBC}") = "PrototypePatterns.Tests", "tests/PrototypePatterns.Tests/PrototypePatterns.Tests.csproj", "{CA89F3DB-3FD3-4C23-9196-F31853FEAD31}"
EndProject
Global
	GlobalSection(SolutionConfigurationPlatforms) = preSolution
		Debug|Any CPU = Debug|Any CPU
		Release|Any CPU = Release|Any CPU
	EndGlobalSection
	GlobalSection(ProjectConfigurationPlatforms) = postSolution
		{5A02DF3D-C9FB-4E48-B5E4-94B239E9A00A}.Debug|Any CPU.ActiveCfg = Debug|Any CPU
		{5A02DF3D-C9FB-4E48-B5E4-94B239E9A00A}.Debug|Any CPU.Build.0 = Debug|Any CPU
		{5A02DF3D-C9FB-4E48-B5E4-94B239E9A00A}.Release|Any CPU.ActiveCfg = Release|Any CPU
		{5A02DF3D-C9FB-4E48-B5E4-94B239E9A00A}.Release|Any CPU.Build.0 = Release|Any CPU
		{CA89F3DB-3FD3-4C23-9196-F31853FEAD31}.Debug|Any CPU.ActiveCfg = Debug|Any CPU
		{CA89F3DB-3FD3-4C23-9196-F31853FEAD31}.Debug|Any CPU.Build.0 = Debug|Any CPU
		{CA89F3DB-3FD3-4C23-9196-F31853FEAD31}.Release|Any CPU.ActiveCfg = Release|Any CPU
		{CA89F3DB-3FD3-4C23-9196-F31853FEAD31}.Release|Any CPU.Build.0 = Release|Any CPU
	EndGlobalSection
EndGlobal
